
Microsoft Visual Studio Solution File, Format Version 11.00
# Visual Studio 2010
Project("{8BC9CEB8-8B4A-11D0-8D11-00A0C91BC942}") = "sum_test", "sum_test\sum_test.vcxproj", "{965F6226-3564-4193-BD9B-401B89C570E6}"
EndProject
Global
	GlobalSection(SolutionConfigurationPlatforms) = preSolution
		Debug|Win32 = Debug|Win32
		Release|Win32 = Release|Win32
	EndGlobalSection
	GlobalSection(ProjectConfigurationPlatforms) = postSolution
		{965F6226-3564-4193-BD9B-401B89C570E6}.Debug|Win32.ActiveCfg = Debug|Win32
		{965F6226-3564-4193-BD9B-401B89C570E6}.Debug|Win32.Build.0 = Debug|Win32
		{965F6226-3564-4193-BD9B-401B89C570E6}.Release|Win32.ActiveCfg = Release|Win32
		{965F6226-3564-4193-BD9B-401B89C570E6}.Release|Win32.Build.0 = Release|Win32
	EndGlobalSection
	GlobalSection(SolutionProperties) = preSolution
		HideSolutionNode = FALSE
	EndGlobalSection
EndGlobal
